
Microsoft Visual Studio Solution File, Format Version 12.00
# Visual Studio Version 17
VisualStudioVersion = 17.9.34728.123
MinimumVisualStudioVersion = 10.0.40219.1
Project("{FAE04EC0-301F-11D3-BF4B-00C04F79EFBC}") = "tp", "tp\tp.csproj", "{9C95C2FB-A504-4498-994D-5BC8AC5055A2}"
EndProject
Project("{FAE04EC0-301F-11D3-BF4B-00C04F79EFBC}") = "01-Presentacion", "01-Presentacion\01-Presentacion.csproj", "{1CE453D8-C018-4C21-B6DB-7BFEC6B5BF12}"
EndProject
Project("{FAE04EC0-301F-11D3-BF4B-00C04F79EFBC}") = "02-Aplicacion", "02-Aplicacion\02-Aplicacion.csproj", "{B99C34D5-44A5-4602-9475-F4AF414DAF37}"
EndProject
Project("{FAE04EC0-301F-11D3-BF4B-00C04F79EFBC}") = "03-Dominio", "03-Dominio\03-Dominio.csproj", "{03F589D9-6045-4D5C-B4AE-2B64D7440E7F}"
EndProject
Project("{FAE04EC0-301F-11D3-BF4B-00C04F79EFBC}") = "04-PersistenciaDatos", "04-PersistenciaDatos\04-PersistenciaDatos.csproj", "{0DFC7E65-EBE5-4001-83BD-279FAE31F8E7}"
EndProject
Project("{FAE04EC0-301F-11D3-BF4B-00C04F79EFBC}") = "Pruebas_Unitarias_2", "Pruebas_Unitarias_2\Pruebas_Unitarias_2.csproj", "{055A61E2-33A3-4E5B-9F0A-A7698CFDB92A}"
EndProject
Global
	GlobalSection(SolutionConfigurationPlatforms) = preSolution
		Debug|Any CPU = Debug|Any CPU
		Release|Any CPU = Release|Any CPU
	EndGlobalSection
	GlobalSection(ProjectConfigurationPlatforms) = postSolution
		{9C95C2FB-A504-4498-994D-5BC8AC5055A2}.Debug|Any CPU.ActiveCfg = Debug|Any CPU
		{9C95C2FB-A504-4498-994D-5BC8AC5055A2}.Debug|Any CPU.Build.0 = Debug|Any CPU
		{9C95C2FB-A504-4498-994D-5BC8AC5055A2}.Release|Any CPU.ActiveCfg = Release|Any CPU
		{9C95C2FB-A504-4498-994D-5BC8AC5055A2}.Release|Any CPU.Build.0 = Release|Any CPU
		{1CE453D8-C018-4C21-B6DB-7BFEC6B5BF12}.Debug|Any CPU.ActiveCfg = Debug|Any CPU
		{1CE453D8-C018-4C21-B6DB-7BFEC6B5BF12}.Debug|Any CPU.Build.0 = Debug|Any CPU
		{1CE453D8-C018-4C21-B6DB-7BFEC6B5BF12}.Release|Any CPU.ActiveCfg = Release|Any CPU
		{1CE453D8-C018-4C21-B6DB-7BFEC6B5BF12}.Release|Any CPU.Build.0 = Release|Any CPU
		{B99C34D5-44A5-4602-9475-F4AF414DAF37}.Debug|Any CPU.ActiveCfg = Debug|Any CPU
		{B99C34D5-44A5-4602-9475-F4AF414DAF37}.Debug|Any CPU.Build.0 = Debug|Any CPU
		{B99C34D5-44A5-4602-9475-F4AF414DAF37}.Release|Any CPU.ActiveCfg = Release|Any CPU
		{B99C34D5-44A5-4602-9475-F4AF414DAF37}.Release|Any CPU.Build.0 = Release|Any CPU
		{03F589D9-6045-4D5C-B4AE-2B64D7440E7F}.Debug|Any CPU.ActiveCfg = Debug|Any CPU
		{03F589D9-6045-4D5C-B4AE-2B64D7440E7F}.Debug|Any CPU.Build.0 = Debug|Any CPU
		{03F589D9-6045-4D5C-B4AE-2B64D7440E7F}.Release|Any CPU.ActiveCfg = Release|Any CPU
		{03F589D9-6045-4D5C-B4AE-2B64D7440E7F}.Release|Any CPU.Build.0 = Release|Any CPU
		{0DFC7E65-EBE5-4001-83BD-279FAE31F8E7}.Debug|Any CPU.ActiveCfg = Debug|Any CPU
		{0DFC7E65-EBE5-4001-83BD-279FAE31F8E7}.Debug|Any CPU.Build.0 = Debug|Any CPU
		{0DFC7E65-EBE5-4001-83BD-279FAE31F8E7}.Release|Any CPU.ActiveCfg = Release|Any CPU
		{0DFC7E65-EBE5-4001-83BD-279FAE31F8E7}.Release|Any CPU.Build.0 = Release|Any CPU
		{055A61E2-33A3-4E5B-9F0A-A7698CFDB92A}.Debug|Any CPU.ActiveCfg = Debug|Any CPU
		{055A61E2-33A3-4E5B-9F0A-A7698CFDB92A}.Debug|Any CPU.Build.0 = Debug|Any CPU
		{055A61E2-33A3-4E5B-9F0A-A7698CFDB92A}.Release|Any CPU.ActiveCfg = Release|Any CPU
		{055A61E2-33A3-4E5B-9F0A-A7698CFDB92A}.Release|Any CPU.Build.0 = Release|Any CPU
	EndGlobalSection
	GlobalSection(SolutionProperties) = preSolution
		HideSolutionNode = FALSE
	EndGlobalSection
	GlobalSection(ExtensibilityGlobals) = postSolution
		SolutionGuid = {D20D42D0-BD39-43CE-94C3-24F7977CCE5E}
	EndGlobalSection
EndGlobal
